// !$*UTF8*$!
{
	archiveVersion = 1;
	classes = {
	};
	objectVersion = 46;
	objects = {

/* Begin PBXBuildFile section */
		27F868181639D4D400FEDAB5 /* main.cpp in Sources */ = {isa = PBXBuildFile; fileRef = 27F868171639D4D400FEDAB5 /* main.cpp */; };
		27F8681A1639D4D400FEDAB5 /* VMTranslator.1 in CopyFiles */ = {isa = PBXBuildFile; fileRef = 27F868191639D4D400FEDAB5 /* VMTranslator.1 */; };
		27F868221639D4F500FEDAB5 /* VMParser.cpp in Sources */ = {isa = PBXBuildFile; fileRef = 27F868201639D4F500FEDAB5 /* VMParser.cpp */; };
		27F8682A1639DB2800FEDAB5 /* VMHelper.cpp in Sources */ = {isa = PBXBuildFile; fileRef = 27F868281639DB2800FEDAB5 /* VMHelper.cpp */; };
		27F8686D1639E3C800FEDAB5 /* libboost_filesystem-mt.dylib in Frameworks */ = {isa = PBXBuildFile; fileRef = 27F8686A1639E3C800FEDAB5 /* libboost_filesystem-mt.dylib */; };
		27F8686E1639E3C800FEDAB5 /* libboost_regex-mt.dylib in Frameworks */ = {isa = PBXBuildFile; fileRef = 27F8686B1639E3C800FEDAB5 /* libboost_regex-mt.dylib */; };
		27F8686F1639E3C800FEDAB5 /* libboost_system-mt.dylib in Frameworks */ = {isa = PBXBuildFile; fileRef = 27F8686C1639E3C800FEDAB5 /* libboost_system-mt.dylib */; };
		27F868721639E9F000FEDAB5 /* VMCodeGen.cpp in Sources */ = {isa = PBXBuildFile; fileRef = 27F868701639E9F000FEDAB5 /* VMCodeGen.cpp */; };
		27F868751639EABC00FEDAB5 /* VMTranslate.cpp in Sources */ = {isa = PBXBuildFile; fileRef = 27F868731639EABC00FEDAB5 /* VMTranslate.cpp */; };
/* End PBXBuildFile section */

/* Begin PBXCopyFilesBuildPhase section */
		27F868111639D4D400FEDAB5 /* CopyFiles */ = {
			isa = PBXCopyFilesBuildPhase;
			buildActionMask = 2147483647;
			dstPath = /usr/share/man/man1/;
			dstSubfolderSpec = 0;
			files = (
				27F8681A1639D4D400FEDAB5 /* VMTranslator.1 in CopyFiles */,
			);
			runOnlyForDeploymentPostprocessing = 1;
		};
/* End PBXCopyFilesBuildPhase section */

/* Begin PBXFileReference section */
		27F868131639D4D400FEDAB5 /* VMTranslator */ = {isa = PBXFileReference; explicitFileType = "compiled.mach-o.executable"; includeInIndex = 0; path = VMTranslator; sourceTree = BUILT_PRODUCTS_DIR; };
		27F868171639D4D400FEDAB5 /* main.cpp */ = {isa = PBXFileReference; lastKnownFileType = sourcecode.cpp.cpp; path = main.cpp; sourceTree = "<group>"; };
		27F868191639D4D400FEDAB5 /* VMTranslator.1 */ = {isa = PBXFileReference; lastKnownFileType = text.man; path = VMTranslator.1; sourceTree = "<group>"; };
		27F868201639D4F500FEDAB5 /* VMParser.cpp */ = {isa = PBXFileReference; fileEncoding = 4; lastKnownFileType = sourcecode.cpp.cpp; path = VMParser.cpp; sourceTree = "<group>"; };
		27F868211639D4F500FEDAB5 /* VMParser.h */ = {isa = PBXFileReference; fileEncoding = 4; lastKnownFileType = sourcecode.c.h; path = VMParser.h; sourceTree = "<group>"; };
		27F868281639DB2800FEDAB5 /* VMHelper.cpp */ = {isa = PBXFileReference; fileEncoding = 4; lastKnownFileType = sourcecode.cpp.cpp; name = VMHelper.cpp; path = ../VMHelper.cpp; sourceTree = "<group>"; };
		27F868291639DB2800FEDAB5 /* VMHelper.h */ = {isa = PBXFileReference; fileEncoding = 4; lastKnownFileType = sourcecode.c.h; name = VMHelper.h; path = ../VMHelper.h; sourceTree = "<group>"; };
		27F8686A1639E3C800FEDAB5 /* libboost_filesystem-mt.dylib */ = {isa = PBXFileReference; lastKnownFileType = "compiled.mach-o.dylib"; name = "libboost_filesystem-mt.dylib"; path = "../../../../../../../../opt/local/lib/libboost_filesystem-mt.dylib"; sourceTree = "<group>"; };
		27F8686B1639E3C800FEDAB5 /* libboost_regex-mt.dylib */ = {isa = PBXFileReference; lastKnownFileType = "compiled.mach-o.dylib"; name = "libboost_regex-mt.dylib"; path = "../../../../../../../../opt/local/lib/libboost_regex-mt.dylib"; sourceTree = "<group>"; };
		27F8686C1639E3C800FEDAB5 /* libboost_system-mt.dylib */ = {isa = PBXFileReference; lastKnownFileType = "compiled.mach-o.dylib"; name = "libboost_system-mt.dylib"; path = "../../../../../../../../opt/local/lib/libboost_system-mt.dylib"; sourceTree = "<group>"; };
		27F868701639E9F000FEDAB5 /* VMCodeGen.cpp */ = {isa = PBXFileReference; fileEncoding = 4; lastKnownFileType = sourcecode.cpp.cpp; path = VMCodeGen.cpp; sourceTree = "<group>"; };
		27F868711639E9F000FEDAB5 /* VMCodeGen.h */ = {isa = PBXFileReference; fileEncoding = 4; lastKnownFileType = sourcecode.c.h; path = VMCodeGen.h; sourceTree = "<group>"; };
		27F868731639EABC00FEDAB5 /* VMTranslate.cpp */ = {isa = PBXFileReference; fileEncoding = 4; lastKnownFileType = sourcecode.cpp.cpp; path = VMTranslate.cpp; sourceTree = "<group>"; };
		27F868741639EABC00FEDAB5 /* VMTranslate.h */ = {isa = PBXFileReference; fileEncoding = 4; lastKnownFileType = sourcecode.c.h; path = VMTranslate.h; sourceTree = "<group>"; };
/* End PBXFileReference section */

/* Begin PBXFrameworksBuildPhase section */
		27F868101639D4D400FEDAB5 /* Frameworks */ = {
			isa = PBXFrameworksBuildPhase;
			buildActionMask = 2147483647;
			files = (
				27F8686D1639E3C800FEDAB5 /* libboost_filesystem-mt.dylib in Frameworks */,
				27F8686E1639E3C800FEDAB5 /* libboost_regex-mt.dylib in Frameworks */,
				27F8686F1639E3C800FEDAB5 /* libboost_system-mt.dylib in Frameworks */,
			);
			runOnlyForDeploymentPostprocessing = 0;
		};
/* End PBXFrameworksBuildPhase section */

/* Begin PBXGroup section */
		27F868081639D4D400FEDAB5 = {
			isa = PBXGroup;
			children = (
				27F8686A1639E3C800FEDAB5 /* libboost_filesystem-mt.dylib */,
				27F8686B1639E3C800FEDAB5 /* libboost_regex-mt.dylib */,
				27F8686C1639E3C800FEDAB5 /* libboost_system-mt.dylib */,
				27F868161639D4D400FEDAB5 /* VMTranslator */,
				27F868141639D4D400FEDAB5 /* Products */,
			);
			sourceTree = "<group>";
		};
		27F868141639D4D400FEDAB5 /* Products */ = {
			isa = PBXGroup;
			children = (
				27F868131639D4D400FEDAB5 /* VMTranslator */,
			);
			name = Products;
			sourceTree = "<group>";
		};
		27F868161639D4D400FEDAB5 /* VMTranslator */ = {
			isa = PBXGroup;
			children = (
				27F868171639D4D400FEDAB5 /* main.cpp */,
				27F868731639EABC00FEDAB5 /* VMTranslate.cpp */,
				27F868741639EABC00FEDAB5 /* VMTranslate.h */,
				27F868281639DB2800FEDAB5 /* VMHelper.cpp */,
				27F868291639DB2800FEDAB5 /* VMHelper.h */,
				27F868201639D4F500FEDAB5 /* VMParser.cpp */,
				27F868211639D4F500FEDAB5 /* VMParser.h */,
				27F868701639E9F000FEDAB5 /* VMCodeGen.cpp */,
				27F868711639E9F000FEDAB5 /* VMCodeGen.h */,
				27F868191639D4D400FEDAB5 /* VMTranslator.1 */,
			);
			path = VMTranslator;
			sourceTree = "<group>";
		};
/* End PBXGroup section */

/* Begin PBXNativeTarget section */
		27F868121639D4D400FEDAB5 /* VMTranslator */ = {
			isa = PBXNativeTarget;
			buildConfigurationList = 27F8681D1639D4D400FEDAB5 /* Build configuration list for PBXNativeTarget "VMTranslator" */;
			buildPhases = (
				27F8680F1639D4D400FEDAB5 /* Sources */,
				27F868101639D4D400FEDAB5 /* Frameworks */,
				27F868111639D4D400FEDAB5 /* CopyFiles */,
			);
			buildRules = (
			);
			dependencies = (
			);
			name = VMTranslator;
			productName = VMTranslator;
			productReference = 27F868131639D4D400FEDAB5 /* VMTranslator */;
			productType = "com.apple.product-type.tool";
		};
/* End PBXNativeTarget section */

/* Begin PBXProject section */
		27F8680A1639D4D400FEDAB5 /* Project object */ = {
			isa = PBXProject;
			attributes = {
				LastUpgradeCheck = 0450;
				ORGANIZATIONNAME = "Yan Xia";
			};
			buildConfigurationList = 27F8680D1639D4D400FEDAB5 /* Build configuration list for PBXProject "VMTranslator" */;
			compatibilityVersion = "Xcode 3.2";
			developmentRegion = English;
			hasScannedForEncodings = 0;
			knownRegions = (
				en,
			);
			mainGroup = 27F868081639D4D400FEDAB5;
			productRefGroup = 27F868141639D4D400FEDAB5 /* Products */;
			projectDirPath = "";
			projectRoot = "";
			targets = (
				27F868121639D4D400FEDAB5 /* VMTranslator */,
			);
		};
/* End PBXProject section */

/* Begin PBXSourcesBuildPhase section */
		27F8680F1639D4D400FEDAB5 /* Sources */ = {
			isa = PBXSourcesBuildPhase;
			buildActionMask = 2147483647;
			files = (
				27F868181639D4D400FEDAB5 /* main.cpp in Sources */,
				27F868221639D4F500FEDAB5 /* VMParser.cpp in Sources */,
				27F8682A1639DB2800FEDAB5 /* VMHelper.cpp in Sources */,
				27F868721639E9F000FEDAB5 /* VMCodeGen.cpp in Sources */,
				27F868751639EABC00FEDAB5 /* VMTranslate.cpp in Sources */,
			);
			runOnlyForDeploymentPostprocessing = 0;
		};
/* End PBXSourcesBuildPhase section */

/* Begin XCBuildConfiguration section */
		27F8681B1639D4D400FEDAB5 /* Debug */ = {
			isa = XCBuildConfiguration;
			buildSettings = {
				ALWAYS_SEARCH_USER_PATHS = NO;
				ARCHS = "$(ARCHS_STANDARD_64_BIT)";
				CLANG_CXX_LANGUAGE_STANDARD = "gnu++0x";
				CLANG_CXX_LIBRARY = "libc++";
				CLANG_WARN_EMPTY_BODY = YES;
				CLANG_WARN__DUPLICATE_METHOD_MATCH = YES;
				COPY_PHASE_STRIP = NO;
				GCC_C_LANGUAGE_STANDARD = gnu99;
				GCC_DYNAMIC_NO_PIC = NO;
				GCC_ENABLE_OBJC_EXCEPTIONS = YES;
				GCC_OPTIMIZATION_LEVEL = 0;
				GCC_PREPROCESSOR_DEFINITIONS = (
					"DEBUG=1",
					"$(inherited)",
				);
				GCC_SYMBOLS_PRIVATE_EXTERN = NO;
				GCC_WARN_64_TO_32_BIT_CONVERSION = YES;
				GCC_WARN_ABOUT_RETURN_TYPE = YES;
				GCC_WARN_UNINITIALIZED_AUTOS = YES;
				GCC_WARN_UNUSED_VARIABLE = YES;
				MACOSX_DEPLOYMENT_TARGET = 10.8;
				ONLY_ACTIVE_ARCH = YES;
				SDKROOT = macosx;
			};
			name = Debug;
		};
		27F8681C1639D4D400FEDAB5 /* Release */ = {
			isa = XCBuildConfiguration;
			buildSettings = {
				ALWAYS_SEARCH_USER_PATHS = NO;
				ARCHS = "$(ARCHS_STANDARD_64_BIT)";
				CLANG_CXX_LANGUAGE_STANDARD = "gnu++0x";
				CLANG_CXX_LIBRARY = "libc++";
				CLANG_WARN_EMPTY_BODY = YES;
				CLANG_WARN__DUPLICATE_METHOD_MATCH = YES;
				COPY_PHASE_STRIP = YES;
				DEBUG_INFORMATION_FORMAT = "dwarf-with-dsym";
				GCC_C_LANGUAGE_STANDARD = gnu99;
				GCC_ENABLE_OBJC_EXCEPTIONS = YES;
				GCC_WARN_64_TO_32_BIT_CONVERSION = YES;
				GCC_WARN_ABOUT_RETURN_TYPE = YES;
				GCC_WARN_UNINITIALIZED_AUTOS = YES;
				GCC_WARN_UNUSED_VARIABLE = YES;
				MACOSX_DEPLOYMENT_TARGET = 10.8;
				SDKROOT = macosx;
			};
			name = Release;
		};
		27F8681E1639D4D400FEDAB5 /* Debug */ = {
			isa = XCBuildConfiguration;
			buildSettings = {
				HEADER_SEARCH_PATHS = (
					/opt/local/var/macports/distfiles/boost/boost_1_50_0,
					/opt/local/lib,
				);
				"HEADER_SEARCH_PATHS[arch=*]" = "";
				LIBRARY_SEARCH_PATHS = (
					"$(inherited)",
					/opt/local/var/macports/distfiles/boost/boost_1_50_0/stage/lib,
					/opt/local/lib,
				);
				PRODUCT_NAME = "$(TARGET_NAME)";
			};
			name = Debug;
		};
		27F8681F1639D4D400FEDAB5 /* Release */ = {
			isa = XCBuildConfiguration;
			buildSettings = {
				HEADER_SEARCH_PATHS = (
					/opt/local/var/macports/distfiles/boost/boost_1_50_0,
					/opt/local/lib,
				);
				LIBRARY_SEARCH_PATHS = (
					"$(inherited)",
					/opt/local/var/macports/distfiles/boost/boost_1_50_0/stage/lib,
					/opt/local/lib,
				);
				PRODUCT_NAME = "$(TARGET_NAME)";
			};
			name = Release;
		};
/* End XCBuildConfiguration section */

/* Begin XCConfigurationList section */
		27F8680D1639D4D400FEDAB5 /* Build configuration list for PBXProject "VMTranslator" */ = {
			isa = XCConfigurationList;
			buildConfigurations = (
				27F8681B1639D4D400FEDAB5 /* Debug */,
				27F8681C1639D4D400FEDAB5 /* Release */,
			);
			defaultConfigurationIsVisible = 0;
			defaultConfigurationName = Release;
		};
		27F8681D1639D4D400FEDAB5 /* Build configuration list for PBXNativeTarget "VMTranslator" */ = {
			isa = XCConfigurationList;
			buildConfigurations = (
				27F8681E1639D4D400FEDAB5 /* Debug */,
				27F8681F1639D4D400FEDAB5 /* Release */,
			);
			defaultConfigurationIsVisible = 0;
		};
/* End XCConfigurationList section */
	};
	rootObject = 27F8680A1639D4D400FEDAB5 /* Project object */;
}
